
Microsoft Visual Studio Solution File, Format Version 12.00
# Visual Studio Version 16
VisualStudioVersion = 16.0.31702.278
MinimumVisualStudioVersion = 10.0.40219.1
Project("{FAE04EC0-301F-11D3-BF4B-00C04F79EFBC}") = "TP", "TP\TP.csproj", "{A2D5E03E-AAA3-4F10-B4F6-EB9167511AD6}"
EndProject
Global
	GlobalSection(SolutionConfigurationPlatforms) = preSolution
		Debug|Any CPU = Debug|Any CPU
		Release|Any CPU = Release|Any CPU
	EndGlobalSection
	GlobalSection(ProjectConfigurationPlatforms) = postSolution
		{A2D5E03E-AAA3-4F10-B4F6-EB9167511AD6}.Debug|Any CPU.ActiveCfg = Debug|Any CPU
		{A2D5E03E-AAA3-4F10-B4F6-EB9167511AD6}.Debug|Any CPU.Build.0 = Debug|Any CPU
		{A2D5E03E-AAA3-4F10-B4F6-EB9167511AD6}.Release|Any CPU.ActiveCfg = Release|Any CPU
		{A2D5E03E-AAA3-4F10-B4F6-EB9167511AD6}.Release|Any CPU.Build.0 = Release|Any CPU
	EndGlobalSection
	GlobalSection(SolutionProperties) = preSolution
		HideSolutionNode = FALSE
	EndGlobalSection
	GlobalSection(ExtensibilityGlobals) = postSolution
		SolutionGuid = {F7B6061A-4550-4B8B-B1D3-952BCBD1628C}
	EndGlobalSection
EndGlobal
